
Microsoft Visual Studio Solution File, Format Version 12.00
Project("{FAE04EC0-301F-11D3-BF4B-00C04F79EFBC}") = "Commo.Id.WebHost", "src\Commo.Id.WebHost\Commo.Id.WebHost.csproj", "{324F625F-635F-4ECC-80BE-53D8076B1F27}"
EndProject
Global
	GlobalSection(SolutionConfigurationPlatforms) = preSolution
		Debug|Any CPU = Debug|Any CPU
		Release|Any CPU = Release|Any CPU
	EndGlobalSection
	GlobalSection(ProjectConfigurationPlatforms) = postSolution
		{324F625F-635F-4ECC-80BE-53D8076B1F27}.Debug|Any CPU.ActiveCfg = Debug|Any CPU
		{324F625F-635F-4ECC-80BE-53D8076B1F27}.Debug|Any CPU.Build.0 = Debug|Any CPU
		{324F625F-635F-4ECC-80BE-53D8076B1F27}.Release|Any CPU.ActiveCfg = Release|Any CPU
		{324F625F-635F-4ECC-80BE-53D8076B1F27}.Release|Any CPU.Build.0 = Release|Any CPU
	EndGlobalSection
EndGlobal
